
Microsoft Visual Studio Solution File, Format Version 12.00
# Visual Studio Version 17
VisualStudioVersion = 17.7.34202.233
MinimumVisualStudioVersion = 10.0.40219.1
Project("{FAE04EC0-301F-11D3-BF4B-00C04F79EFBC}") = "DI Ejercicio 4 Squid Game", "DI Ejercicio 4 Squid Game\DI Ejercicio 4 Squid Game.csproj", "{6E4EECCA-4FBE-42C8-9CFB-F34D74DA8FEB}"
EndProject
Global
	GlobalSection(SolutionConfigurationPlatforms) = preSolution
		Debug|Any CPU = Debug|Any CPU
		Release|Any CPU = Release|Any CPU
	EndGlobalSection
	GlobalSection(ProjectConfigurationPlatforms) = postSolution
		{6E4EECCA-4FBE-42C8-9CFB-F34D74DA8FEB}.Debug|Any CPU.ActiveCfg = Debug|Any CPU
		{6E4EECCA-4FBE-42C8-9CFB-F34D74DA8FEB}.Debug|Any CPU.Build.0 = Debug|Any CPU
		{6E4EECCA-4FBE-42C8-9CFB-F34D74DA8FEB}.Release|Any CPU.ActiveCfg = Release|Any CPU
		{6E4EECCA-4FBE-42C8-9CFB-F34D74DA8FEB}.Release|Any CPU.Build.0 = Release|Any CPU
	EndGlobalSection
	GlobalSection(SolutionProperties) = preSolution
		HideSolutionNode = FALSE
	EndGlobalSection
	GlobalSection(ExtensibilityGlobals) = postSolution
		SolutionGuid = {A092C0D6-648D-487C-9FE4-11C22388F7E2}
	EndGlobalSection
EndGlobal
