
Microsoft Visual Studio Solution File, Format Version 12.00
# Visual Studio Version 17
VisualStudioVersion = 17.7.34031.279
MinimumVisualStudioVersion = 10.0.40219.1
Project("{FAE04EC0-301F-11D3-BF4B-00C04F79EFBC}") = "Ejercicio12", "Ejercicio12\Ejercicio12.csproj", "{56EBCE9D-6851-457D-9DD3-BAF0E983A4E2}"
EndProject
Global
	GlobalSection(SolutionConfigurationPlatforms) = preSolution
		Debug|Any CPU = Debug|Any CPU
		Release|Any CPU = Release|Any CPU
	EndGlobalSection
	GlobalSection(ProjectConfigurationPlatforms) = postSolution
		{56EBCE9D-6851-457D-9DD3-BAF0E983A4E2}.Debug|Any CPU.ActiveCfg = Debug|Any CPU
		{56EBCE9D-6851-457D-9DD3-BAF0E983A4E2}.Debug|Any CPU.Build.0 = Debug|Any CPU
		{56EBCE9D-6851-457D-9DD3-BAF0E983A4E2}.Release|Any CPU.ActiveCfg = Release|Any CPU
		{56EBCE9D-6851-457D-9DD3-BAF0E983A4E2}.Release|Any CPU.Build.0 = Release|Any CPU
	EndGlobalSection
	GlobalSection(SolutionProperties) = preSolution
		HideSolutionNode = FALSE
	EndGlobalSection
	GlobalSection(ExtensibilityGlobals) = postSolution
		SolutionGuid = {B0B24CC8-3DC2-4F8F-BB95-A57351B4FDA7}
	EndGlobalSection
EndGlobal
