
Microsoft Visual Studio Solution File, Format Version 12.00
# Visual Studio Version 17
VisualStudioVersion = 17.7.34031.279
MinimumVisualStudioVersion = 10.0.40219.1
Project("{FAE04EC0-301F-11D3-BF4B-00C04F79EFBC}") = "17RecPiramidNum", "17RecPiramidNum\17RecPiramidNum.csproj", "{C8ED4CD6-2135-463B-9183-DED9FD0E80C7}"
EndProject
Global
	GlobalSection(SolutionConfigurationPlatforms) = preSolution
		Debug|Any CPU = Debug|Any CPU
		Release|Any CPU = Release|Any CPU
	EndGlobalSection
	GlobalSection(ProjectConfigurationPlatforms) = postSolution
		{C8ED4CD6-2135-463B-9183-DED9FD0E80C7}.Debug|Any CPU.ActiveCfg = Debug|Any CPU
		{C8ED4CD6-2135-463B-9183-DED9FD0E80C7}.Debug|Any CPU.Build.0 = Debug|Any CPU
		{C8ED4CD6-2135-463B-9183-DED9FD0E80C7}.Release|Any CPU.ActiveCfg = Release|Any CPU
		{C8ED4CD6-2135-463B-9183-DED9FD0E80C7}.Release|Any CPU.Build.0 = Release|Any CPU
	EndGlobalSection
	GlobalSection(SolutionProperties) = preSolution
		HideSolutionNode = FALSE
	EndGlobalSection
	GlobalSection(ExtensibilityGlobals) = postSolution
		SolutionGuid = {05A51D70-6474-4003-9D0D-435935BC63C2}
	EndGlobalSection
EndGlobal
