
Microsoft Visual Studio Solution File, Format Version 12.00
# Visual Studio Version 17
VisualStudioVersion = 17.7.34031.279
MinimumVisualStudioVersion = 10.0.40219.1
Project("{FAE04EC0-301F-11D3-BF4B-00C04F79EFBC}") = "Ejercicio11", "Ejercicio11\Ejercicio11.csproj", "{103FEBF9-B566-4A87-AFC2-C7D234569C25}"
EndProject
Global
	GlobalSection(SolutionConfigurationPlatforms) = preSolution
		Debug|Any CPU = Debug|Any CPU
		Release|Any CPU = Release|Any CPU
	EndGlobalSection
	GlobalSection(ProjectConfigurationPlatforms) = postSolution
		{103FEBF9-B566-4A87-AFC2-C7D234569C25}.Debug|Any CPU.ActiveCfg = Debug|Any CPU
		{103FEBF9-B566-4A87-AFC2-C7D234569C25}.Debug|Any CPU.Build.0 = Debug|Any CPU
		{103FEBF9-B566-4A87-AFC2-C7D234569C25}.Release|Any CPU.ActiveCfg = Release|Any CPU
		{103FEBF9-B566-4A87-AFC2-C7D234569C25}.Release|Any CPU.Build.0 = Release|Any CPU
	EndGlobalSection
	GlobalSection(SolutionProperties) = preSolution
		HideSolutionNode = FALSE
	EndGlobalSection
	GlobalSection(ExtensibilityGlobals) = postSolution
		SolutionGuid = {33D5064E-3292-468E-B880-C2700F48DD67}
	EndGlobalSection
EndGlobal
