
Microsoft Visual Studio Solution File, Format Version 12.00
# Visual Studio Version 17
VisualStudioVersion = 17.7.34031.279
MinimumVisualStudioVersion = 10.0.40219.1
Project("{FAE04EC0-301F-11D3-BF4B-00C04F79EFBC}") = "Matrix", "Matrix\Matrix.csproj", "{EDA03F32-F37A-4CCD-9A5D-02C5F4A02D65}"
EndProject
Global
	GlobalSection(SolutionConfigurationPlatforms) = preSolution
		Debug|Any CPU = Debug|Any CPU
		Release|Any CPU = Release|Any CPU
	EndGlobalSection
	GlobalSection(ProjectConfigurationPlatforms) = postSolution
		{EDA03F32-F37A-4CCD-9A5D-02C5F4A02D65}.Debug|Any CPU.ActiveCfg = Debug|Any CPU
		{EDA03F32-F37A-4CCD-9A5D-02C5F4A02D65}.Debug|Any CPU.Build.0 = Debug|Any CPU
		{EDA03F32-F37A-4CCD-9A5D-02C5F4A02D65}.Release|Any CPU.ActiveCfg = Release|Any CPU
		{EDA03F32-F37A-4CCD-9A5D-02C5F4A02D65}.Release|Any CPU.Build.0 = Release|Any CPU
	EndGlobalSection
	GlobalSection(SolutionProperties) = preSolution
		HideSolutionNode = FALSE
	EndGlobalSection
	GlobalSection(ExtensibilityGlobals) = postSolution
		SolutionGuid = {ECA2EA42-4BDC-4DAB-A045-AC4ADDAAE9C2}
	EndGlobalSection
EndGlobal
